// !$*UTF8*$!
{
	archiveVersion = 1;
	classes = {
	};
	objectVersion = 56;
	objects = {

/* Begin PBXBuildFile section */
		4ED9518E31917EDFC1722DF2 /* Pods_InstagramCopy_5_0704.framework in Frameworks */ = {isa = PBXBuildFile; fileRef = 106BFAE19B3E6BFB041ECE63 /* Pods_InstagramCopy_5_0704.framework */; };
		5F19F0D32A554E250073E5A9 /* MainTabVC.swift in Sources */ = {isa = PBXBuildFile; fileRef = 5F19F0D22A554E250073E5A9 /* MainTabVC.swift */; };
		5F19F0D62A554FE10073E5A9 /* FeedVC.swift in Sources */ = {isa = PBXBuildFile; fileRef = 5F19F0D52A554FE10073E5A9 /* FeedVC.swift */; };
		5F19F0D82A5550060073E5A9 /* SearchVC.swift in Sources */ = {isa = PBXBuildFile; fileRef = 5F19F0D72A5550060073E5A9 /* SearchVC.swift */; };
		5F19F0DA2A55503D0073E5A9 /* UploadPostVC.swift in Sources */ = {isa = PBXBuildFile; fileRef = 5F19F0D92A55503D0073E5A9 /* UploadPostVC.swift */; };
		5F19F0DC2A55505E0073E5A9 /* NotificationsVC.swift in Sources */ = {isa = PBXBuildFile; fileRef = 5F19F0DB2A55505E0073E5A9 /* NotificationsVC.swift */; };
		5F19F0DE2A5550900073E5A9 /* UserProfileVC.swift in Sources */ = {isa = PBXBuildFile; fileRef = 5F19F0DD2A5550900073E5A9 /* UserProfileVC.swift */; };
		5F19F0E52A556C2D0073E5A9 /* UserProfileHeader.swift in Sources */ = {isa = PBXBuildFile; fileRef = 5F19F0E42A556C2D0073E5A9 /* UserProfileHeader.swift */; };
		5F19F0E72A5599BB0073E5A9 /* User.swift in Sources */ = {isa = PBXBuildFile; fileRef = 5F19F0E62A5599BB0073E5A9 /* User.swift */; };
		5F19F0E92A55B8A70073E5A9 /* SearchUserCell.swift in Sources */ = {isa = PBXBuildFile; fileRef = 5F19F0E82A55B8A70073E5A9 /* SearchUserCell.swift */; };
		5F31980C2A5C4A8600DCE362 /* CommentVC.swift in Sources */ = {isa = PBXBuildFile; fileRef = 5F31980B2A5C4A8600DCE362 /* CommentVC.swift */; };
		5F31980E2A5C4B9100DCE362 /* CommentCell.swift in Sources */ = {isa = PBXBuildFile; fileRef = 5F31980D2A5C4B9100DCE362 /* CommentCell.swift */; };
		5F3F40352A54F4570038913D /* TFExtensions.swift in Sources */ = {isa = PBXBuildFile; fileRef = 5F3F40342A54F4570038913D /* TFExtensions.swift */; };
		5F3F40372A54F6740038913D /* SignUpVC.swift in Sources */ = {isa = PBXBuildFile; fileRef = 5F3F40362A54F6740038913D /* SignUpVC.swift */; };
		5F3F40392A55153D0038913D /* GoogleService-Info.plist in Resources */ = {isa = PBXBuildFile; fileRef = 5F3F40382A55153D0038913D /* GoogleService-Info.plist */; };
		5F6AA80F2A5E95D800A1DF97 /* Notification.swift in Sources */ = {isa = PBXBuildFile; fileRef = 5F6AA80E2A5E95D800A1DF97 /* Notification.swift */; };
		5F751B842A611E0900187A4C /* HashtagVC.swift in Sources */ = {isa = PBXBuildFile; fileRef = 5F751B832A611E0900187A4C /* HashtagVC.swift */; };
		5F751B862A611F0200187A4C /* HashtagCell.swift in Sources */ = {isa = PBXBuildFile; fileRef = 5F751B852A611F0200187A4C /* HashtagCell.swift */; };
		5F919F782A5FC15600461721 /* SearchPostCell.swift in Sources */ = {isa = PBXBuildFile; fileRef = 5F919F772A5FC15600461721 /* SearchPostCell.swift */; };
		5F919F7E2A60078C00461721 /* MessagesVC.swift in Sources */ = {isa = PBXBuildFile; fileRef = 5F919F7D2A60078C00461721 /* MessagesVC.swift */; };
		5F919F822A600A0300461721 /* MessageCell.swift in Sources */ = {isa = PBXBuildFile; fileRef = 5F919F812A600A0300461721 /* MessageCell.swift */; };
		5F919F842A60184100461721 /* NewMessagesVC.swift in Sources */ = {isa = PBXBuildFile; fileRef = 5F919F832A60184100461721 /* NewMessagesVC.swift */; };
		5F919F862A601B6E00461721 /* NewMessageCell.swift in Sources */ = {isa = PBXBuildFile; fileRef = 5F919F852A601B6E00461721 /* NewMessageCell.swift */; };
		5F919F882A60253100461721 /* Message.swift in Sources */ = {isa = PBXBuildFile; fileRef = 5F919F872A60253100461721 /* Message.swift */; };
		5F919F8A2A60277700461721 /* ChatVC.swift in Sources */ = {isa = PBXBuildFile; fileRef = 5F919F892A60277700461721 /* ChatVC.swift */; };
		5F919F8C2A60283B00461721 /* ChatCell.swift in Sources */ = {isa = PBXBuildFile; fileRef = 5F919F8B2A60283B00461721 /* ChatCell.swift */; };
		5F9BA3502A545031004DE084 /* AppDelegate.swift in Sources */ = {isa = PBXBuildFile; fileRef = 5F9BA34F2A545031004DE084 /* AppDelegate.swift */; };
		5F9BA3522A545031004DE084 /* SceneDelegate.swift in Sources */ = {isa = PBXBuildFile; fileRef = 5F9BA3512A545031004DE084 /* SceneDelegate.swift */; };
		5F9BA3592A545032004DE084 /* Assets.xcassets in Resources */ = {isa = PBXBuildFile; fileRef = 5F9BA3582A545032004DE084 /* Assets.xcassets */; };
		5F9BA35C2A545032004DE084 /* LaunchScreen.storyboard in Resources */ = {isa = PBXBuildFile; fileRef = 5F9BA35A2A545032004DE084 /* LaunchScreen.storyboard */; };
		5F9BA3682A545088004DE084 /* LoginVC.swift in Sources */ = {isa = PBXBuildFile; fileRef = 5F9BA3672A545088004DE084 /* LoginVC.swift */; };
		5F9BA36A2A545202004DE084 /* Extensions.swift in Sources */ = {isa = PBXBuildFile; fileRef = 5F9BA3692A545202004DE084 /* Extensions.swift */; };
		5FA4B4CA2A5D4A1600562937 /* Comment.swift in Sources */ = {isa = PBXBuildFile; fileRef = 5FA4B4C92A5D4A1600562937 /* Comment.swift */; };
		5FA4B4CC2A5DA46F00562937 /* NotificationCell.swift in Sources */ = {isa = PBXBuildFile; fileRef = 5FA4B4CB2A5DA46F00562937 /* NotificationCell.swift */; };
		5FCA94332A63C57F0047FD13 /* CommentAccessoryView.swift in Sources */ = {isa = PBXBuildFile; fileRef = 5FCA94322A63C57F0047FD13 /* CommentAccessoryView.swift */; };
		5FCA94352A63C5C10047FD13 /* CommentInputTextView.swift in Sources */ = {isa = PBXBuildFile; fileRef = 5FCA94342A63C5C10047FD13 /* CommentInputTextView.swift */; };
		5FCA94392A63ED9C0047FD13 /* FirebaseAuth in Frameworks */ = {isa = PBXBuildFile; productRef = 5FCA94382A63ED9C0047FD13 /* FirebaseAuth */; };
		5FCA943B2A63ED9C0047FD13 /* FirebaseDatabase in Frameworks */ = {isa = PBXBuildFile; productRef = 5FCA943A2A63ED9C0047FD13 /* FirebaseDatabase */; };
		5FCA943D2A63ED9C0047FD13 /* FirebaseMessaging in Frameworks */ = {isa = PBXBuildFile; productRef = 5FCA943C2A63ED9C0047FD13 /* FirebaseMessaging */; };
		5FCA943F2A63ED9C0047FD13 /* FirebaseStorage in Frameworks */ = {isa = PBXBuildFile; productRef = 5FCA943E2A63ED9C0047FD13 /* FirebaseStorage */; };
		5FCE52722A5913650095BFA9 /* SelectImageVC.swift in Sources */ = {isa = PBXBuildFile; fileRef = 5FCE52712A5913650095BFA9 /* SelectImageVC.swift */; };
		5FCE52742A5913E60095BFA9 /* SelectPhotoCell.swift in Sources */ = {isa = PBXBuildFile; fileRef = 5FCE52732A5913E50095BFA9 /* SelectPhotoCell.swift */; };
		5FCE52762A5914290095BFA9 /* SelectPhotoHeader.swift in Sources */ = {isa = PBXBuildFile; fileRef = 5FCE52752A5914290095BFA9 /* SelectPhotoHeader.swift */; };
		5FCE52782A59763F0095BFA9 /* Post.swift in Sources */ = {isa = PBXBuildFile; fileRef = 5FCE52772A59763F0095BFA9 /* Post.swift */; };
		5FCE527A2A598E6C0095BFA9 /* CustomImageView.swift in Sources */ = {isa = PBXBuildFile; fileRef = 5FCE52792A598E6C0095BFA9 /* CustomImageView.swift */; };
		5FCE527C2A59A5C40095BFA9 /* FeedCell.swift in Sources */ = {isa = PBXBuildFile; fileRef = 5FCE527B2A59A5C40095BFA9 /* FeedCell.swift */; };
		5FEDD2632A56A5D100081AE9 /* Constants.swift in Sources */ = {isa = PBXBuildFile; fileRef = 5FEDD2622A56A5D100081AE9 /* Constants.swift */; };
		5FEDD2662A56BBE900081AE9 /* FollowLikeVC.swift in Sources */ = {isa = PBXBuildFile; fileRef = 5FEDD2652A56BBE900081AE9 /* FollowLikeVC.swift */; };
		5FEDD2682A56BCAD00081AE9 /* FollowLikeCell.swift in Sources */ = {isa = PBXBuildFile; fileRef = 5FEDD2672A56BCAD00081AE9 /* FollowLikeCell.swift */; };
		5FEDD26A2A56DC7600081AE9 /* UserPostCell.swift in Sources */ = {isa = PBXBuildFile; fileRef = 5FEDD2692A56DC7600081AE9 /* UserPostCell.swift */; };
		5FEDD26C2A56E02800081AE9 /* Protocols.swift in Sources */ = {isa = PBXBuildFile; fileRef = 5FEDD26B2A56E02800081AE9 /* Protocols.swift */; };
		5FEDD26E2A56F13F00081AE9 /* EditProfileController.swift in Sources */ = {isa = PBXBuildFile; fileRef = 5FEDD26D2A56F13F00081AE9 /* EditProfileController.swift */; };
/* End PBXBuildFile section */

/* Begin PBXFileReference section */
		106BFAE19B3E6BFB041ECE63 /* Pods_InstagramCopy_5_0704.framework */ = {isa = PBXFileReference; explicitFileType = wrapper.framework; includeInIndex = 0; path = Pods_InstagramCopy_5_0704.framework; sourceTree = BUILT_PRODUCTS_DIR; };
		5F19F0D22A554E250073E5A9 /* MainTabVC.swift */ = {isa = PBXFileReference; lastKnownFileType = sourcecode.swift; path = MainTabVC.swift; sourceTree = "<group>"; };
		5F19F0D52A554FE10073E5A9 /* FeedVC.swift */ = {isa = PBXFileReference; lastKnownFileType = sourcecode.swift; path = FeedVC.swift; sourceTree = "<group>"; };
		5F19F0D72A5550060073E5A9 /* SearchVC.swift */ = {isa = PBXFileReference; lastKnownFileType = sourcecode.swift; path = SearchVC.swift; sourceTree = "<group>"; };
		5F19F0D92A55503D0073E5A9 /* UploadPostVC.swift */ = {isa = PBXFileReference; lastKnownFileType = sourcecode.swift; path = UploadPostVC.swift; sourceTree = "<group>"; };
		5F19F0DB2A55505E0073E5A9 /* NotificationsVC.swift */ = {isa = PBXFileReference; lastKnownFileType = sourcecode.swift; path = NotificationsVC.swift; sourceTree = "<group>"; };
		5F19F0DD2A5550900073E5A9 /* UserProfileVC.swift */ = {isa = PBXFileReference; lastKnownFileType = sourcecode.swift; path = UserProfileVC.swift; sourceTree = "<group>"; };
		5F19F0E42A556C2D0073E5A9 /* UserProfileHeader.swift */ = {isa = PBXFileReference; lastKnownFileType = sourcecode.swift; path = UserProfileHeader.swift; sourceTree = "<group>"; };
		5F19F0E62A5599BB0073E5A9 /* User.swift */ = {isa = PBXFileReference; lastKnownFileType = sourcecode.swift; path = User.swift; sourceTree = "<group>"; };
		5F19F0E82A55B8A70073E5A9 /* SearchUserCell.swift */ = {isa = PBXFileReference; lastKnownFileType = sourcecode.swift; path = SearchUserCell.swift; sourceTree = "<group>"; };
		5F31980B2A5C4A8600DCE362 /* CommentVC.swift */ = {isa = PBXFileReference; lastKnownFileType = sourcecode.swift; path = CommentVC.swift; sourceTree = "<group>"; };
		5F31980D2A5C4B9100DCE362 /* CommentCell.swift */ = {isa = PBXFileReference; lastKnownFileType = sourcecode.swift; path = CommentCell.swift; sourceTree = "<group>"; };
		5F3F40342A54F4570038913D /* TFExtensions.swift */ = {isa = PBXFileReference; lastKnownFileType = sourcecode.swift; path = TFExtensions.swift; sourceTree = "<group>"; };
		5F3F40362A54F6740038913D /* SignUpVC.swift */ = {isa = PBXFileReference; lastKnownFileType = sourcecode.swift; path = SignUpVC.swift; sourceTree = "<group>"; };
		5F3F40382A55153D0038913D /* GoogleService-Info.plist */ = {isa = PBXFileReference; fileEncoding = 4; lastKnownFileType = text.plist.xml; path = "GoogleService-Info.plist"; sourceTree = "<group>"; };
		5F6AA80E2A5E95D800A1DF97 /* Notification.swift */ = {isa = PBXFileReference; lastKnownFileType = sourcecode.swift; path = Notification.swift; sourceTree = "<group>"; };
		5F751B832A611E0900187A4C /* HashtagVC.swift */ = {isa = PBXFileReference; lastKnownFileType = sourcecode.swift; path = HashtagVC.swift; sourceTree = "<group>"; };
		5F751B852A611F0200187A4C /* HashtagCell.swift */ = {isa = PBXFileReference; lastKnownFileType = sourcecode.swift; path = HashtagCell.swift; sourceTree = "<group>"; };
		5F919F772A5FC15600461721 /* SearchPostCell.swift */ = {isa = PBXFileReference; lastKnownFileType = sourcecode.swift; path = SearchPostCell.swift; sourceTree = "<group>"; };
		5F919F7D2A60078C00461721 /* MessagesVC.swift */ = {isa = PBXFileReference; lastKnownFileType = sourcecode.swift; path = MessagesVC.swift; sourceTree = "<group>"; };
		5F919F812A600A0300461721 /* MessageCell.swift */ = {isa = PBXFileReference; lastKnownFileType = sourcecode.swift; path = MessageCell.swift; sourceTree = "<group>"; };
		5F919F832A60184100461721 /* NewMessagesVC.swift */ = {isa = PBXFileReference; lastKnownFileType = sourcecode.swift; path = NewMessagesVC.swift; sourceTree = "<group>"; };
		5F919F852A601B6E00461721 /* NewMessageCell.swift */ = {isa = PBXFileReference; lastKnownFileType = sourcecode.swift; path = NewMessageCell.swift; sourceTree = "<group>"; };
		5F919F872A60253100461721 /* Message.swift */ = {isa = PBXFileReference; lastKnownFileType = sourcecode.swift; path = Message.swift; sourceTree = "<group>"; };
		5F919F892A60277700461721 /* ChatVC.swift */ = {isa = PBXFileReference; lastKnownFileType = sourcecode.swift; path = ChatVC.swift; sourceTree = "<group>"; };
		5F919F8B2A60283B00461721 /* ChatCell.swift */ = {isa = PBXFileReference; lastKnownFileType = sourcecode.swift; path = ChatCell.swift; sourceTree = "<group>"; };
		5F9BA34C2A545031004DE084 /* InstagramCopy_5_0704.app */ = {isa = PBXFileReference; explicitFileType = wrapper.application; includeInIndex = 0; path = InstagramCopy_5_0704.app; sourceTree = BUILT_PRODUCTS_DIR; };
		5F9BA34F2A545031004DE084 /* AppDelegate.swift */ = {isa = PBXFileReference; lastKnownFileType = sourcecode.swift; path = AppDelegate.swift; sourceTree = "<group>"; };
		5F9BA3512A545031004DE084 /* SceneDelegate.swift */ = {isa = PBXFileReference; lastKnownFileType = sourcecode.swift; path = SceneDelegate.swift; sourceTree = "<group>"; };
		5F9BA3582A545032004DE084 /* Assets.xcassets */ = {isa = PBXFileReference; lastKnownFileType = folder.assetcatalog; path = Assets.xcassets; sourceTree = "<group>"; };
		5F9BA35B2A545032004DE084 /* Base */ = {isa = PBXFileReference; lastKnownFileType = file.storyboard; name = Base; path = Base.lproj/LaunchScreen.storyboard; sourceTree = "<group>"; };
		5F9BA35D2A545032004DE084 /* Info.plist */ = {isa = PBXFileReference; lastKnownFileType = text.plist.xml; path = Info.plist; sourceTree = "<group>"; };
		5F9BA3672A545088004DE084 /* LoginVC.swift */ = {isa = PBXFileReference; lastKnownFileType = sourcecode.swift; path = LoginVC.swift; sourceTree = "<group>"; };
		5F9BA3692A545202004DE084 /* Extensions.swift */ = {isa = PBXFileReference; lastKnownFileType = sourcecode.swift; path = Extensions.swift; sourceTree = "<group>"; };
		5FA4B4C92A5D4A1600562937 /* Comment.swift */ = {isa = PBXFileReference; lastKnownFileType = sourcecode.swift; path = Comment.swift; sourceTree = "<group>"; };
		5FA4B4CB2A5DA46F00562937 /* NotificationCell.swift */ = {isa = PBXFileReference; lastKnownFileType = sourcecode.swift; path = NotificationCell.swift; sourceTree = "<group>"; };
		5FCA94322A63C57F0047FD13 /* CommentAccessoryView.swift */ = {isa = PBXFileReference; lastKnownFileType = sourcecode.swift; path = CommentAccessoryView.swift; sourceTree = "<group>"; };
		5FCA94342A63C5C10047FD13 /* CommentInputTextView.swift */ = {isa = PBXFileReference; lastKnownFileType = sourcecode.swift; path = CommentInputTextView.swift; sourceTree = "<group>"; };
		5FCA94362A63DDD30047FD13 /* InstagramCopy_5_0704.entitlements */ = {isa = PBXFileReference; lastKnownFileType = text.plist.entitlements; path = InstagramCopy_5_0704.entitlements; sourceTree = "<group>"; };
		5FCE52712A5913650095BFA9 /* SelectImageVC.swift */ = {isa = PBXFileReference; lastKnownFileType = sourcecode.swift; path = SelectImageVC.swift; sourceTree = "<group>"; };
		5FCE52732A5913E50095BFA9 /* SelectPhotoCell.swift */ = {isa = PBXFileReference; lastKnownFileType = sourcecode.swift; path = SelectPhotoCell.swift; sourceTree = "<group>"; };
		5FCE52752A5914290095BFA9 /* SelectPhotoHeader.swift */ = {isa = PBXFileReference; lastKnownFileType = sourcecode.swift; path = SelectPhotoHeader.swift; sourceTree = "<group>"; };
		5FCE52772A59763F0095BFA9 /* Post.swift */ = {isa = PBXFileReference; lastKnownFileType = sourcecode.swift; path = Post.swift; sourceTree = "<group>"; };
		5FCE52792A598E6C0095BFA9 /* CustomImageView.swift */ = {isa = PBXFileReference; lastKnownFileType = sourcecode.swift; path = CustomImageView.swift; sourceTree = "<group>"; };
		5FCE527B2A59A5C40095BFA9 /* FeedCell.swift */ = {isa = PBXFileReference; lastKnownFileType = sourcecode.swift; path = FeedCell.swift; sourceTree = "<group>"; };
		5FEDD2622A56A5D100081AE9 /* Constants.swift */ = {isa = PBXFileReference; lastKnownFileType = sourcecode.swift; path = Constants.swift; sourceTree = "<group>"; };
		5FEDD2652A56BBE900081AE9 /* FollowLikeVC.swift */ = {isa = PBXFileReference; lastKnownFileType = sourcecode.swift; path = FollowLikeVC.swift; sourceTree = "<group>"; };
		5FEDD2672A56BCAD00081AE9 /* FollowLikeCell.swift */ = {isa = PBXFileReference; lastKnownFileType = sourcecode.swift; path = FollowLikeCell.swift; sourceTree = "<group>"; };
		5FEDD2692A56DC7600081AE9 /* UserPostCell.swift */ = {isa = PBXFileReference; lastKnownFileType = sourcecode.swift; path = UserPostCell.swift; sourceTree = "<group>"; };
		5FEDD26B2A56E02800081AE9 /* Protocols.swift */ = {isa = PBXFileReference; lastKnownFileType = sourcecode.swift; path = Protocols.swift; sourceTree = "<group>"; };
		5FEDD26D2A56F13F00081AE9 /* EditProfileController.swift */ = {isa = PBXFileReference; lastKnownFileType = sourcecode.swift; path = EditProfileController.swift; sourceTree = "<group>"; };
		9931FF5ADF3E998402D5B745 /* Pods-InstagramCopy_5_0704.release.xcconfig */ = {isa = PBXFileReference; includeInIndex = 1; lastKnownFileType = text.xcconfig; name = "Pods-InstagramCopy_5_0704.release.xcconfig"; path = "Target Support Files/Pods-InstagramCopy_5_0704/Pods-InstagramCopy_5_0704.release.xcconfig"; sourceTree = "<group>"; };
		BFE69AE7D6F8D228D7A080C7 /* Pods-InstagramCopy_5_0704.debug.xcconfig */ = {isa = PBXFileReference; includeInIndex = 1; lastKnownFileType = text.xcconfig; name = "Pods-InstagramCopy_5_0704.debug.xcconfig"; path = "Target Support Files/Pods-InstagramCopy_5_0704/Pods-InstagramCopy_5_0704.debug.xcconfig"; sourceTree = "<group>"; };
/* End PBXFileReference section */

/* Begin PBXFrameworksBuildPhase section */
		5F9BA3492A545031004DE084 /* Frameworks */ = {
			isa = PBXFrameworksBuildPhase;
			buildActionMask = 2147483647;
			files = (
				5FCA943D2A63ED9C0047FD13 /* FirebaseMessaging in Frameworks */,
				5FCA943B2A63ED9C0047FD13 /* FirebaseDatabase in Frameworks */,
				4ED9518E31917EDFC1722DF2 /* Pods_InstagramCopy_5_0704.framework in Frameworks */,
				5FCA943F2A63ED9C0047FD13 /* FirebaseStorage in Frameworks */,
				5FCA94392A63ED9C0047FD13 /* FirebaseAuth in Frameworks */,
			);
			runOnlyForDeploymentPostprocessing = 0;
		};
/* End PBXFrameworksBuildPhase section */

/* Begin PBXGroup section */
		109D4637168D5B31506E12FD /* Frameworks */ = {
			isa = PBXGroup;
			children = (
				106BFAE19B3E6BFB041ECE63 /* Pods_InstagramCopy_5_0704.framework */,
			);
			name = Frameworks;
			sourceTree = "<group>";
		};
		5F19F0D42A554FD90073E5A9 /* TabBar */ = {
			isa = PBXGroup;
			children = (
				5F19F0D22A554E250073E5A9 /* MainTabVC.swift */,
				5F19F0DF2A556BC60073E5A9 /* FeedVC */,
				5F19F0E02A556BCD0073E5A9 /* SearchVC */,
				5F19F0E12A556BD20073E5A9 /* SelectImageVC */,
				5F19F0E22A556BD70073E5A9 /* NotificationVC */,
				5F19F0E32A556BDF0073E5A9 /* UserProfileVC */,
			);
			path = TabBar;
			sourceTree = "<group>";
		};
		5F19F0DF2A556BC60073E5A9 /* FeedVC */ = {
			isa = PBXGroup;
			children = (
				5F19F0D52A554FE10073E5A9 /* FeedVC.swift */,
				5FCE527B2A59A5C40095BFA9 /* FeedCell.swift */,
				5F751B832A611E0900187A4C /* HashtagVC.swift */,
				5F751B852A611F0200187A4C /* HashtagCell.swift */,
				5FCA94312A63C55D0047FD13 /* Comments */,
			);
			path = FeedVC;
			sourceTree = "<group>";
		};
		5F19F0E02A556BCD0073E5A9 /* SearchVC */ = {
			isa = PBXGroup;
			children = (
				5F19F0D72A5550060073E5A9 /* SearchVC.swift */,
				5F19F0E82A55B8A70073E5A9 /* SearchUserCell.swift */,
				5F919F772A5FC15600461721 /* SearchPostCell.swift */,
			);
			path = SearchVC;
			sourceTree = "<group>";
		};
		5F19F0E12A556BD20073E5A9 /* SelectImageVC */ = {
			isa = PBXGroup;
			children = (
				5FCE52712A5913650095BFA9 /* SelectImageVC.swift */,
				5FCE52752A5914290095BFA9 /* SelectPhotoHeader.swift */,
				5FCE52732A5913E50095BFA9 /* SelectPhotoCell.swift */,
				5F19F0D92A55503D0073E5A9 /* UploadPostVC.swift */,
				5FEDD2692A56DC7600081AE9 /* UserPostCell.swift */,
			);
			path = SelectImageVC;
			sourceTree = "<group>";
		};
		5F19F0E22A556BD70073E5A9 /* NotificationVC */ = {
			isa = PBXGroup;
			children = (
				5F19F0DB2A55505E0073E5A9 /* NotificationsVC.swift */,
				5FA4B4CB2A5DA46F00562937 /* NotificationCell.swift */,
			);
			path = NotificationVC;
			sourceTree = "<group>";
		};
		5F19F0E32A556BDF0073E5A9 /* UserProfileVC */ = {
			isa = PBXGroup;
			children = (
				5F19F0DD2A5550900073E5A9 /* UserProfileVC.swift */,
				5F19F0E42A556C2D0073E5A9 /* UserProfileHeader.swift */,
				5FEDD26D2A56F13F00081AE9 /* EditProfileController.swift */,
				5FEDD2642A56BBDD00081AE9 /* FollowLikeVC */,
			);
			path = UserProfileVC;
			sourceTree = "<group>";
		};
		5F919F7C2A60075B00461721 /* Messages */ = {
			isa = PBXGroup;
			children = (
				5F919F7D2A60078C00461721 /* MessagesVC.swift */,
				5F919F832A60184100461721 /* NewMessagesVC.swift */,
				5F919F852A601B6E00461721 /* NewMessageCell.swift */,
				5F919F892A60277700461721 /* ChatVC.swift */,
				5F919F8B2A60283B00461721 /* ChatCell.swift */,
				5F919F7F2A6009E600461721 /* MessagesView */,
			);
			path = Messages;
			sourceTree = "<group>";
		};
		5F919F7F2A6009E600461721 /* MessagesView */ = {
			isa = PBXGroup;
			children = (
				5F919F812A600A0300461721 /* MessageCell.swift */,
			);
			path = MessagesView;
			sourceTree = "<group>";
		};
		5F9BA3432A545031004DE084 = {
			isa = PBXGroup;
			children = (
				5F9BA34E2A545031004DE084 /* InstagramCopy_5_0704 */,
				5F9BA34D2A545031004DE084 /* Products */,
				BA3799B3A15A9BFE66CEE2B7 /* Pods */,
				109D4637168D5B31506E12FD /* Frameworks */,
			);
			sourceTree = "<group>";
		};
		5F9BA34D2A545031004DE084 /* Products */ = {
			isa = PBXGroup;
			children = (
				5F9BA34C2A545031004DE084 /* InstagramCopy_5_0704.app */,
			);
			name = Products;
			sourceTree = "<group>";
		};
		5F9BA34E2A545031004DE084 /* InstagramCopy_5_0704 */ = {
			isa = PBXGroup;
			children = (
				5FCA94362A63DDD30047FD13 /* InstagramCopy_5_0704.entitlements */,
				5F9BA34F2A545031004DE084 /* AppDelegate.swift */,
				5F9BA3512A545031004DE084 /* SceneDelegate.swift */,
				5F9BA3662A54504C004DE084 /* Utils */,
				5F9BA3652A545047004DE084 /* Models */,
				5F19F0D42A554FD90073E5A9 /* TabBar */,
				5F919F7C2A60075B00461721 /* Messages */,
				5F9BA3642A545042004DE084 /* Login */,
				5F9BA3582A545032004DE084 /* Assets.xcassets */,
				5F9BA35A2A545032004DE084 /* LaunchScreen.storyboard */,
				5F9BA35D2A545032004DE084 /* Info.plist */,
				5F3F40382A55153D0038913D /* GoogleService-Info.plist */,
			);
			path = InstagramCopy_5_0704;
			sourceTree = "<group>";
		};
		5F9BA3642A545042004DE084 /* Login */ = {
			isa = PBXGroup;
			children = (
				5F9BA3672A545088004DE084 /* LoginVC.swift */,
				5F3F40362A54F6740038913D /* SignUpVC.swift */,
			);
			path = Login;
			sourceTree = "<group>";
		};
		5F9BA3652A545047004DE084 /* Models */ = {
			isa = PBXGroup;
			children = (
				5F19F0E62A5599BB0073E5A9 /* User.swift */,
				5FCE52772A59763F0095BFA9 /* Post.swift */,
				5FA4B4C92A5D4A1600562937 /* Comment.swift */,
				5F6AA80E2A5E95D800A1DF97 /* Notification.swift */,
				5F919F872A60253100461721 /* Message.swift */,
			);
			path = Models;
			sourceTree = "<group>";
		};
		5F9BA3662A54504C004DE084 /* Utils */ = {
			isa = PBXGroup;
			children = (
				5F9BA3692A545202004DE084 /* Extensions.swift */,
				5F3F40342A54F4570038913D /* TFExtensions.swift */,
				5FEDD2622A56A5D100081AE9 /* Constants.swift */,
				5FEDD26B2A56E02800081AE9 /* Protocols.swift */,
				5FCE52792A598E6C0095BFA9 /* CustomImageView.swift */,
			);
			path = Utils;
			sourceTree = "<group>";
		};
		5FCA94312A63C55D0047FD13 /* Comments */ = {
			isa = PBXGroup;
			children = (
				5F31980B2A5C4A8600DCE362 /* CommentVC.swift */,
				5F31980D2A5C4B9100DCE362 /* CommentCell.swift */,
				5FCA94322A63C57F0047FD13 /* CommentAccessoryView.swift */,
				5FCA94342A63C5C10047FD13 /* CommentInputTextView.swift */,
			);
			path = Comments;
			sourceTree = "<group>";
		};
		5FEDD2642A56BBDD00081AE9 /* FollowLikeVC */ = {
			isa = PBXGroup;
			children = (
				5FEDD2652A56BBE900081AE9 /* FollowLikeVC.swift */,
				5FEDD2672A56BCAD00081AE9 /* FollowLikeCell.swift */,
			);
			path = FollowLikeVC;
			sourceTree = "<group>";
		};
		BA3799B3A15A9BFE66CEE2B7 /* Pods */ = {
			isa = PBXGroup;
			children = (
				BFE69AE7D6F8D228D7A080C7 /* Pods-InstagramCopy_5_0704.debug.xcconfig */,
				9931FF5ADF3E998402D5B745 /* Pods-InstagramCopy_5_0704.release.xcconfig */,
			);
			path = Pods;
			sourceTree = "<group>";
		};
/* End PBXGroup section */

/* Begin PBXNativeTarget section */
		5F9BA34B2A545031004DE084 /* InstagramCopy_5_0704 */ = {
			isa = PBXNativeTarget;
			buildConfigurationList = 5F9BA3602A545032004DE084 /* Build configuration list for PBXNativeTarget "InstagramCopy_5_0704" */;
			buildPhases = (
				97B37A534F9AC7E9D727BE49 /* [CP] Check Pods Manifest.lock */,
				5F9BA3482A545031004DE084 /* Sources */,
				5F9BA3492A545031004DE084 /* Frameworks */,
				5F9BA34A2A545031004DE084 /* Resources */,
				9D29729768F112C3DC3B5F65 /* [CP] Embed Pods Frameworks */,
			);
			buildRules = (
			);
			dependencies = (
			);
			name = InstagramCopy_5_0704;
			packageProductDependencies = (
				5FCA94382A63ED9C0047FD13 /* FirebaseAuth */,
				5FCA943A2A63ED9C0047FD13 /* FirebaseDatabase */,
				5FCA943C2A63ED9C0047FD13 /* FirebaseMessaging */,
				5FCA943E2A63ED9C0047FD13 /* FirebaseStorage */,
			);
			productName = InstagramCopy_5_0704;
			productReference = 5F9BA34C2A545031004DE084 /* InstagramCopy_5_0704.app */;
			productType = "com.apple.product-type.application";
		};
/* End PBXNativeTarget section */

/* Begin PBXProject section */
		5F9BA3442A545031004DE084 /* Project object */ = {
			isa = PBXProject;
			attributes = {
				BuildIndependentTargetsInParallel = 1;
				LastSwiftUpdateCheck = 1430;
				LastUpgradeCheck = 1430;
				TargetAttributes = {
					5F9BA34B2A545031004DE084 = {
						CreatedOnToolsVersion = 14.3;
					};
				};
			};
			buildConfigurationList = 5F9BA3472A545031004DE084 /* Build configuration list for PBXProject "InstagramCopy_5_0704" */;
			compatibilityVersion = "Xcode 14.0";
			developmentRegion = en;
			hasScannedForEncodings = 0;
			knownRegions = (
				en,
				Base,
			);
			mainGroup = 5F9BA3432A545031004DE084;
			packageReferences = (
				5FCA94372A63ED9C0047FD13 /* XCRemoteSwiftPackageReference "firebase-ios-sdk" */,
			);
			productRefGroup = 5F9BA34D2A545031004DE084 /* Products */;
			projectDirPath = "";
			projectRoot = "";
			targets = (
				5F9BA34B2A545031004DE084 /* InstagramCopy_5_0704 */,
			);
		};
/* End PBXProject section */

/* Begin PBXResourcesBuildPhase section */
		5F9BA34A2A545031004DE084 /* Resources */ = {
			isa = PBXResourcesBuildPhase;
			buildActionMask = 2147483647;
			files = (
				5F9BA35C2A545032004DE084 /* LaunchScreen.storyboard in Resources */,
				5F9BA3592A545032004DE084 /* Assets.xcassets in Resources */,
				5F3F40392A55153D0038913D /* GoogleService-Info.plist in Resources */,
			);
			runOnlyForDeploymentPostprocessing = 0;
		};
/* End PBXResourcesBuildPhase section */

/* Begin PBXShellScriptBuildPhase section */
		97B37A534F9AC7E9D727BE49 /* [CP] Check Pods Manifest.lock */ = {
			isa = PBXShellScriptBuildPhase;
			buildActionMask = 2147483647;
			files = (
			);
			inputFileListPaths = (
			);
			inputPaths = (
				"${PODS_PODFILE_DIR_PATH}/Podfile.lock",
				"${PODS_ROOT}/Manifest.lock",
			);
			name = "[CP] Check Pods Manifest.lock";
			outputFileListPaths = (
			);
			outputPaths = (
				"$(DERIVED_FILE_DIR)/Pods-InstagramCopy_5_0704-checkManifestLockResult.txt",
			);
			runOnlyForDeploymentPostprocessing = 0;
			shellPath = /bin/sh;
			shellScript = "diff \"${PODS_PODFILE_DIR_PATH}/Podfile.lock\" \"${PODS_ROOT}/Manifest.lock\" > /dev/null\nif [ $? != 0 ] ; then\n    # print error to STDERR\n    echo \"error: The sandbox is not in sync with the Podfile.lock. Run 'pod install' or update your CocoaPods installation.\" >&2\n    exit 1\nfi\n# This output is used by Xcode 'outputs' to avoid re-running this script phase.\necho \"SUCCESS\" > \"${SCRIPT_OUTPUT_FILE_0}\"\n";
			showEnvVarsInLog = 0;
		};
		9D29729768F112C3DC3B5F65 /* [CP] Embed Pods Frameworks */ = {
			isa = PBXShellScriptBuildPhase;
			buildActionMask = 2147483647;
			files = (
			);
			inputFileListPaths = (
				"${PODS_ROOT}/Target Support Files/Pods-InstagramCopy_5_0704/Pods-InstagramCopy_5_0704-frameworks-${CONFIGURATION}-input-files.xcfilelist",
			);
			name = "[CP] Embed Pods Frameworks";
			outputFileListPaths = (
				"${PODS_ROOT}/Target Support Files/Pods-InstagramCopy_5_0704/Pods-InstagramCopy_5_0704-frameworks-${CONFIGURATION}-output-files.xcfilelist",
			);
			runOnlyForDeploymentPostprocessing = 0;
			shellPath = /bin/sh;
			shellScript = "\"${PODS_ROOT}/Target Support Files/Pods-InstagramCopy_5_0704/Pods-InstagramCopy_5_0704-frameworks.sh\"\n";
			showEnvVarsInLog = 0;
		};
/* End PBXShellScriptBuildPhase section */

/* Begin PBXSourcesBuildPhase section */
		5F9BA3482A545031004DE084 /* Sources */ = {
			isa = PBXSourcesBuildPhase;
			buildActionMask = 2147483647;
			files = (
				5F919F862A601B6E00461721 /* NewMessageCell.swift in Sources */,
				5F9BA3502A545031004DE084 /* AppDelegate.swift in Sources */,
				5F919F822A600A0300461721 /* MessageCell.swift in Sources */,
				5F19F0DA2A55503D0073E5A9 /* UploadPostVC.swift in Sources */,
				5FEDD26E2A56F13F00081AE9 /* EditProfileController.swift in Sources */,
				5FEDD26A2A56DC7600081AE9 /* UserPostCell.swift in Sources */,
				5FCE52742A5913E60095BFA9 /* SelectPhotoCell.swift in Sources */,
				5FCE52762A5914290095BFA9 /* SelectPhotoHeader.swift in Sources */,
				5F9BA3522A545031004DE084 /* SceneDelegate.swift in Sources */,
				5F919F882A60253100461721 /* Message.swift in Sources */,
				5F751B862A611F0200187A4C /* HashtagCell.swift in Sources */,
				5F9BA3682A545088004DE084 /* LoginVC.swift in Sources */,
				5F919F8C2A60283B00461721 /* ChatCell.swift in Sources */,
				5FCE527C2A59A5C40095BFA9 /* FeedCell.swift in Sources */,
				5F19F0D82A5550060073E5A9 /* SearchVC.swift in Sources */,
				5FCA94352A63C5C10047FD13 /* CommentInputTextView.swift in Sources */,
				5FCE52782A59763F0095BFA9 /* Post.swift in Sources */,
				5F19F0E92A55B8A70073E5A9 /* SearchUserCell.swift in Sources */,
				5FCE52722A5913650095BFA9 /* SelectImageVC.swift in Sources */,
				5F751B842A611E0900187A4C /* HashtagVC.swift in Sources */,
				5F919F7E2A60078C00461721 /* MessagesVC.swift in Sources */,
				5F19F0DC2A55505E0073E5A9 /* NotificationsVC.swift in Sources */,
				5FEDD2632A56A5D100081AE9 /* Constants.swift in Sources */,
				5F19F0E72A5599BB0073E5A9 /* User.swift in Sources */,
				5FCA94332A63C57F0047FD13 /* CommentAccessoryView.swift in Sources */,
				5FA4B4CC2A5DA46F00562937 /* NotificationCell.swift in Sources */,
				5FEDD2662A56BBE900081AE9 /* FollowLikeVC.swift in Sources */,
				5F9BA36A2A545202004DE084 /* Extensions.swift in Sources */,
				5F919F8A2A60277700461721 /* ChatVC.swift in Sources */,
				5F19F0E52A556C2D0073E5A9 /* UserProfileHeader.swift in Sources */,
				5F6AA80F2A5E95D800A1DF97 /* Notification.swift in Sources */,
				5F919F782A5FC15600461721 /* SearchPostCell.swift in Sources */,
				5F19F0D62A554FE10073E5A9 /* FeedVC.swift in Sources */,
				5F3F40372A54F6740038913D /* SignUpVC.swift in Sources */,
				5FEDD26C2A56E02800081AE9 /* Protocols.swift in Sources */,
				5F19F0D32A554E250073E5A9 /* MainTabVC.swift in Sources */,
				5F31980E2A5C4B9100DCE362 /* CommentCell.swift in Sources */,
				5FEDD2682A56BCAD00081AE9 /* FollowLikeCell.swift in Sources */,
				5FA4B4CA2A5D4A1600562937 /* Comment.swift in Sources */,
				5F919F842A60184100461721 /* NewMessagesVC.swift in Sources */,
				5F3F40352A54F4570038913D /* TFExtensions.swift in Sources */,
				5F19F0DE2A5550900073E5A9 /* UserProfileVC.swift in Sources */,
				5F31980C2A5C4A8600DCE362 /* CommentVC.swift in Sources */,
				5FCE527A2A598E6C0095BFA9 /* CustomImageView.swift in Sources */,
			);
			runOnlyForDeploymentPostprocessing = 0;
		};
/* End PBXSourcesBuildPhase section */

/* Begin PBXVariantGroup section */
		5F9BA35A2A545032004DE084 /* LaunchScreen.storyboard */ = {
			isa = PBXVariantGroup;
			children = (
				5F9BA35B2A545032004DE084 /* Base */,
			);
			name = LaunchScreen.storyboard;
			sourceTree = "<group>";
		};
/* End PBXVariantGroup section */

/* Begin XCBuildConfiguration section */
		5F9BA35E2A545032004DE084 /* Debug */ = {
			isa = XCBuildConfiguration;
			buildSettings = {
				ALWAYS_SEARCH_USER_PATHS = NO;
				CLANG_ANALYZER_NONNULL = YES;
				CLANG_ANALYZER_NUMBER_OBJECT_CONVERSION = YES_AGGRESSIVE;
				CLANG_CXX_LANGUAGE_STANDARD = "gnu++20";
				CLANG_ENABLE_MODULES = YES;
				CLANG_ENABLE_OBJC_ARC = YES;
				CLANG_ENABLE_OBJC_WEAK = YES;
				CLANG_WARN_BLOCK_CAPTURE_AUTORELEASING = YES;
				CLANG_WARN_BOOL_CONVERSION = YES;
				CLANG_WARN_COMMA = YES;
				CLANG_WARN_CONSTANT_CONVERSION = YES;
				CLANG_WARN_DEPRECATED_OBJC_IMPLEMENTATIONS = YES;
				CLANG_WARN_DIRECT_OBJC_ISA_USAGE = YES_ERROR;
				CLANG_WARN_DOCUMENTATION_COMMENTS = YES;
				CLANG_WARN_EMPTY_BODY = YES;
				CLANG_WARN_ENUM_CONVERSION = YES;
				CLANG_WARN_INFINITE_RECURSION = YES;
				CLANG_WARN_INT_CONVERSION = YES;
				CLANG_WARN_NON_LITERAL_NULL_CONVERSION = YES;
				CLANG_WARN_OBJC_IMPLICIT_RETAIN_SELF = YES;
				CLANG_WARN_OBJC_LITERAL_CONVERSION = YES;
				CLANG_WARN_OBJC_ROOT_CLASS = YES_ERROR;
				CLANG_WARN_QUOTED_INCLUDE_IN_FRAMEWORK_HEADER = YES;
				CLANG_WARN_RANGE_LOOP_ANALYSIS = YES;
				CLANG_WARN_STRICT_PROTOTYPES = YES;
				CLANG_WARN_SUSPICIOUS_MOVE = YES;
				CLANG_WARN_UNGUARDED_AVAILABILITY = YES_AGGRESSIVE;
				CLANG_WARN_UNREACHABLE_CODE = YES;
				CLANG_WARN__DUPLICATE_METHOD_MATCH = YES;
				COPY_PHASE_STRIP = NO;
				DEBUG_INFORMATION_FORMAT = dwarf;
				ENABLE_STRICT_OBJC_MSGSEND = YES;
				ENABLE_TESTABILITY = YES;
				GCC_C_LANGUAGE_STANDARD = gnu11;
				GCC_DYNAMIC_NO_PIC = NO;
				GCC_NO_COMMON_BLOCKS = YES;
				GCC_OPTIMIZATION_LEVEL = 0;
				GCC_PREPROCESSOR_DEFINITIONS = (
					"DEBUG=1",
					"$(inherited)",
				);
				GCC_WARN_64_TO_32_BIT_CONVERSION = YES;
				GCC_WARN_ABOUT_RETURN_TYPE = YES_ERROR;
				GCC_WARN_UNDECLARED_SELECTOR = YES;
				GCC_WARN_UNINITIALIZED_AUTOS = YES_AGGRESSIVE;
				GCC_WARN_UNUSED_FUNCTION = YES;
				GCC_WARN_UNUSED_VARIABLE = YES;
				IPHONEOS_DEPLOYMENT_TARGET = 16.4;
				MTL_ENABLE_DEBUG_INFO = INCLUDE_SOURCE;
				MTL_FAST_MATH = YES;
				ONLY_ACTIVE_ARCH = YES;
				SDKROOT = iphoneos;
				SWIFT_ACTIVE_COMPILATION_CONDITIONS = DEBUG;
				SWIFT_OPTIMIZATION_LEVEL = "-Onone";
			};
			name = Debug;
		};
		5F9BA35F2A545032004DE084 /* Release */ = {
			isa = XCBuildConfiguration;
			buildSettings = {
				ALWAYS_SEARCH_USER_PATHS = NO;
				CLANG_ANALYZER_NONNULL = YES;
				CLANG_ANALYZER_NUMBER_OBJECT_CONVERSION = YES_AGGRESSIVE;
				CLANG_CXX_LANGUAGE_STANDARD = "gnu++20";
				CLANG_ENABLE_MODULES = YES;
				CLANG_ENABLE_OBJC_ARC = YES;
				CLANG_ENABLE_OBJC_WEAK = YES;
				CLANG_WARN_BLOCK_CAPTURE_AUTORELEASING = YES;
				CLANG_WARN_BOOL_CONVERSION = YES;
				CLANG_WARN_COMMA = YES;
				CLANG_WARN_CONSTANT_CONVERSION = YES;
				CLANG_WARN_DEPRECATED_OBJC_IMPLEMENTATIONS = YES;
				CLANG_WARN_DIRECT_OBJC_ISA_USAGE = YES_ERROR;
				CLANG_WARN_DOCUMENTATION_COMMENTS = YES;
				CLANG_WARN_EMPTY_BODY = YES;
				CLANG_WARN_ENUM_CONVERSION = YES;
				CLANG_WARN_INFINITE_RECURSION = YES;
				CLANG_WARN_INT_CONVERSION = YES;
				CLANG_WARN_NON_LITERAL_NULL_CONVERSION = YES;
				CLANG_WARN_OBJC_IMPLICIT_RETAIN_SELF = YES;
				CLANG_WARN_OBJC_LITERAL_CONVERSION = YES;
				CLANG_WARN_OBJC_ROOT_CLASS = YES_ERROR;
				CLANG_WARN_QUOTED_INCLUDE_IN_FRAMEWORK_HEADER = YES;
				CLANG_WARN_RANGE_LOOP_ANALYSIS = YES;
				CLANG_WARN_STRICT_PROTOTYPES = YES;
				CLANG_WARN_SUSPICIOUS_MOVE = YES;
				CLANG_WARN_UNGUARDED_AVAILABILITY = YES_AGGRESSIVE;
				CLANG_WARN_UNREACHABLE_CODE = YES;
				CLANG_WARN__DUPLICATE_METHOD_MATCH = YES;
				COPY_PHASE_STRIP = NO;
				DEBUG_INFORMATION_FORMAT = "dwarf-with-dsym";
				ENABLE_NS_ASSERTIONS = NO;
				ENABLE_STRICT_OBJC_MSGSEND = YES;
				GCC_C_LANGUAGE_STANDARD = gnu11;
				GCC_NO_COMMON_BLOCKS = YES;
				GCC_WARN_64_TO_32_BIT_CONVERSION = YES;
				GCC_WARN_ABOUT_RETURN_TYPE = YES_ERROR;
				GCC_WARN_UNDECLARED_SELECTOR = YES;
				GCC_WARN_UNINITIALIZED_AUTOS = YES_AGGRESSIVE;
				GCC_WARN_UNUSED_FUNCTION = YES;
				GCC_WARN_UNUSED_VARIABLE = YES;
				IPHONEOS_DEPLOYMENT_TARGET = 16.4;
				MTL_ENABLE_DEBUG_INFO = NO;
				MTL_FAST_MATH = YES;
				SDKROOT = iphoneos;
				SWIFT_COMPILATION_MODE = wholemodule;
				SWIFT_OPTIMIZATION_LEVEL = "-O";
				VALIDATE_PRODUCT = YES;
			};
			name = Release;
		};
		5F9BA3612A545032004DE084 /* Debug */ = {
			isa = XCBuildConfiguration;
			baseConfigurationReference = BFE69AE7D6F8D228D7A080C7 /* Pods-InstagramCopy_5_0704.debug.xcconfig */;
			buildSettings = {
				ASSETCATALOG_COMPILER_APPICON_NAME = AppIcon;
				ASSETCATALOG_COMPILER_GLOBAL_ACCENT_COLOR_NAME = AccentColor;
				CODE_SIGN_ENTITLEMENTS = InstagramCopy_5_0704/InstagramCopy_5_0704.entitlements;
				CODE_SIGN_STYLE = Automatic;
				CURRENT_PROJECT_VERSION = 1;
				GENERATE_INFOPLIST_FILE = YES;
				INFOPLIST_FILE = InstagramCopy_5_0704/Info.plist;
				INFOPLIST_KEY_UIApplicationSupportsIndirectInputEvents = YES;
				INFOPLIST_KEY_UILaunchStoryboardName = LaunchScreen;
				INFOPLIST_KEY_UISupportedInterfaceOrientations_iPad = "UIInterfaceOrientationPortrait UIInterfaceOrientationPortraitUpsideDown UIInterfaceOrientationLandscapeLeft UIInterfaceOrientationLandscapeRight";
				INFOPLIST_KEY_UISupportedInterfaceOrientations_iPhone = "UIInterfaceOrientationPortrait UIInterfaceOrientationLandscapeLeft UIInterfaceOrientationLandscapeRight";
				LD_RUNPATH_SEARCH_PATHS = (
					"$(inherited)",
					"@executable_path/Frameworks",
				);
				MARKETING_VERSION = 1.0;
				PRODUCT_BUNDLE_IDENTIFIER = "ges.InstagramCopy-5-0704";
				PRODUCT_NAME = "$(TARGET_NAME)";
				SUPPORTED_PLATFORMS = "iphoneos iphonesimulator";
				SUPPORTS_MACCATALYST = NO;
				SUPPORTS_MAC_DESIGNED_FOR_IPHONE_IPAD = YES;
				SWIFT_EMIT_LOC_STRINGS = YES;
				SWIFT_VERSION = 5.0;
				TARGETED_DEVICE_FAMILY = 1;
			};
			name = Debug;
		};
		5F9BA3622A545032004DE084 /* Release */ = {
			isa = XCBuildConfiguration;
			baseConfigurationReference = 9931FF5ADF3E998402D5B745 /* Pods-InstagramCopy_5_0704.release.xcconfig */;
			buildSettings = {
				ASSETCATALOG_COMPILER_APPICON_NAME = AppIcon;
				ASSETCATALOG_COMPILER_GLOBAL_ACCENT_COLOR_NAME = AccentColor;
				CODE_SIGN_ENTITLEMENTS = InstagramCopy_5_0704/InstagramCopy_5_0704.entitlements;
				CODE_SIGN_STYLE = Automatic;
				CURRENT_PROJECT_VERSION = 1;
				GENERATE_INFOPLIST_FILE = YES;
				INFOPLIST_FILE = InstagramCopy_5_0704/Info.plist;
				INFOPLIST_KEY_UIApplicationSupportsIndirectInputEvents = YES;
				INFOPLIST_KEY_UILaunchStoryboardName = LaunchScreen;
				INFOPLIST_KEY_UISupportedInterfaceOrientations_iPad = "UIInterfaceOrientationPortrait UIInterfaceOrientationPortraitUpsideDown UIInterfaceOrientationLandscapeLeft UIInterfaceOrientationLandscapeRight";
				INFOPLIST_KEY_UISupportedInterfaceOrientations_iPhone = "UIInterfaceOrientationPortrait UIInterfaceOrientationLandscapeLeft UIInterfaceOrientationLandscapeRight";
				LD_RUNPATH_SEARCH_PATHS = (
					"$(inherited)",
					"@executable_path/Frameworks",
				);
				MARKETING_VERSION = 1.0;
				PRODUCT_BUNDLE_IDENTIFIER = "ges.InstagramCopy-5-0704";
				PRODUCT_NAME = "$(TARGET_NAME)";
				SUPPORTED_PLATFORMS = "iphoneos iphonesimulator";
				SUPPORTS_MACCATALYST = NO;
				SUPPORTS_MAC_DESIGNED_FOR_IPHONE_IPAD = YES;
				SWIFT_EMIT_LOC_STRINGS = YES;
				SWIFT_VERSION = 5.0;
				TARGETED_DEVICE_FAMILY = 1;
			};
			name = Release;
		};
/* End XCBuildConfiguration section */

/* Begin XCConfigurationList section */
		5F9BA3472A545031004DE084 /* Build configuration list for PBXProject "InstagramCopy_5_0704" */ = {
			isa = XCConfigurationList;
			buildConfigurations = (
				5F9BA35E2A545032004DE084 /* Debug */,
				5F9BA35F2A545032004DE084 /* Release */,
			);
			defaultConfigurationIsVisible = 0;
			defaultConfigurationName = Release;
		};
		5F9BA3602A545032004DE084 /* Build configuration list for PBXNativeTarget "InstagramCopy_5_0704" */ = {
			isa = XCConfigurationList;
			buildConfigurations = (
				5F9BA3612A545032004DE084 /* Debug */,
				5F9BA3622A545032004DE084 /* Release */,
			);
			defaultConfigurationIsVisible = 0;
			defaultConfigurationName = Release;
		};
/* End XCConfigurationList section */

/* Begin XCRemoteSwiftPackageReference section */
		5FCA94372A63ED9C0047FD13 /* XCRemoteSwiftPackageReference "firebase-ios-sdk" */ = {
			isa = XCRemoteSwiftPackageReference;
			repositoryURL = "https://github.com/firebase/firebase-ios-sdk.git";
			requirement = {
				kind = upToNextMajorVersion;
				minimumVersion = 10.0.0;
			};
		};
/* End XCRemoteSwiftPackageReference section */

/* Begin XCSwiftPackageProductDependency section */
		5FCA94382A63ED9C0047FD13 /* FirebaseAuth */ = {
			isa = XCSwiftPackageProductDependency;
			package = 5FCA94372A63ED9C0047FD13 /* XCRemoteSwiftPackageReference "firebase-ios-sdk" */;
			productName = FirebaseAuth;
		};
		5FCA943A2A63ED9C0047FD13 /* FirebaseDatabase */ = {
			isa = XCSwiftPackageProductDependency;
			package = 5FCA94372A63ED9C0047FD13 /* XCRemoteSwiftPackageReference "firebase-ios-sdk" */;
			productName = FirebaseDatabase;
		};
		5FCA943C2A63ED9C0047FD13 /* FirebaseMessaging */ = {
			isa = XCSwiftPackageProductDependency;
			package = 5FCA94372A63ED9C0047FD13 /* XCRemoteSwiftPackageReference "firebase-ios-sdk" */;
			productName = FirebaseMessaging;
		};
		5FCA943E2A63ED9C0047FD13 /* FirebaseStorage */ = {
			isa = XCSwiftPackageProductDependency;
			package = 5FCA94372A63ED9C0047FD13 /* XCRemoteSwiftPackageReference "firebase-ios-sdk" */;
			productName = FirebaseStorage;
		};
/* End XCSwiftPackageProductDependency section */
	};
	rootObject = 5F9BA3442A545031004DE084 /* Project object */;
}
