// !$*UTF8*$!
{
	archiveVersion = 1;
	classes = {
	};
	objectVersion = 56;
	objects = {

/* Begin PBXBuildFile section */
		5F19F0D32A554E250073E5A9 /* MainTabVC.swift in Sources */ = {isa = PBXBuildFile; fileRef = 5F19F0D22A554E250073E5A9 /* MainTabVC.swift */; };
		5F19F0D62A554FE10073E5A9 /* FeedVC.swift in Sources */ = {isa = PBXBuildFile; fileRef = 5F19F0D52A554FE10073E5A9 /* FeedVC.swift */; };
		5F19F0D82A5550060073E5A9 /* SearchVC.swift in Sources */ = {isa = PBXBuildFile; fileRef = 5F19F0D72A5550060073E5A9 /* SearchVC.swift */; };
		5F19F0DA2A55503D0073E5A9 /* UploadPostVC.swift in Sources */ = {isa = PBXBuildFile; fileRef = 5F19F0D92A55503D0073E5A9 /* UploadPostVC.swift */; };
		5F19F0DC2A55505E0073E5A9 /* NotificationsVC.swift in Sources */ = {isa = PBXBuildFile; fileRef = 5F19F0DB2A55505E0073E5A9 /* NotificationsVC.swift */; };
		5F19F0DE2A5550900073E5A9 /* UserProfileVC.swift in Sources */ = {isa = PBXBuildFile; fileRef = 5F19F0DD2A5550900073E5A9 /* UserProfileVC.swift */; };
		5F19F0E52A556C2D0073E5A9 /* UserProfileHeader.swift in Sources */ = {isa = PBXBuildFile; fileRef = 5F19F0E42A556C2D0073E5A9 /* UserProfileHeader.swift */; };
		5F19F0E72A5599BB0073E5A9 /* User.swift in Sources */ = {isa = PBXBuildFile; fileRef = 5F19F0E62A5599BB0073E5A9 /* User.swift */; };
		5F19F0E92A55B8A70073E5A9 /* SearchUserCell.swift in Sources */ = {isa = PBXBuildFile; fileRef = 5F19F0E82A55B8A70073E5A9 /* SearchUserCell.swift */; };
		5F31980C2A5C4A8600DCE362 /* CommentVC.swift in Sources */ = {isa = PBXBuildFile; fileRef = 5F31980B2A5C4A8600DCE362 /* CommentVC.swift */; };
		5F31980E2A5C4B9100DCE362 /* CommentCell.swift in Sources */ = {isa = PBXBuildFile; fileRef = 5F31980D2A5C4B9100DCE362 /* CommentCell.swift */; };
		5F3F40352A54F4570038913D /* TFExtensions.swift in Sources */ = {isa = PBXBuildFile; fileRef = 5F3F40342A54F4570038913D /* TFExtensions.swift */; };
		5F3F40372A54F6740038913D /* SignUpVC.swift in Sources */ = {isa = PBXBuildFile; fileRef = 5F3F40362A54F6740038913D /* SignUpVC.swift */; };
		5F3F40392A55153D0038913D /* GoogleService-Info.plist in Resources */ = {isa = PBXBuildFile; fileRef = 5F3F40382A55153D0038913D /* GoogleService-Info.plist */; };
		5F3F403C2A5515EA0038913D /* FirebaseAuth in Frameworks */ = {isa = PBXBuildFile; productRef = 5F3F403B2A5515EA0038913D /* FirebaseAuth */; };
		5F3F403E2A5515EA0038913D /* FirebaseDatabase in Frameworks */ = {isa = PBXBuildFile; productRef = 5F3F403D2A5515EA0038913D /* FirebaseDatabase */; };
		5F3F40402A5515EA0038913D /* FirebaseStorage in Frameworks */ = {isa = PBXBuildFile; productRef = 5F3F403F2A5515EA0038913D /* FirebaseStorage */; };
		5F6AA80F2A5E95D800A1DF97 /* Notification.swift in Sources */ = {isa = PBXBuildFile; fileRef = 5F6AA80E2A5E95D800A1DF97 /* Notification.swift */; };
		5F9BA3502A545031004DE084 /* AppDelegate.swift in Sources */ = {isa = PBXBuildFile; fileRef = 5F9BA34F2A545031004DE084 /* AppDelegate.swift */; };
		5F9BA3522A545031004DE084 /* SceneDelegate.swift in Sources */ = {isa = PBXBuildFile; fileRef = 5F9BA3512A545031004DE084 /* SceneDelegate.swift */; };
		5F9BA3592A545032004DE084 /* Assets.xcassets in Resources */ = {isa = PBXBuildFile; fileRef = 5F9BA3582A545032004DE084 /* Assets.xcassets */; };
		5F9BA35C2A545032004DE084 /* LaunchScreen.storyboard in Resources */ = {isa = PBXBuildFile; fileRef = 5F9BA35A2A545032004DE084 /* LaunchScreen.storyboard */; };
		5F9BA3682A545088004DE084 /* LoginVC.swift in Sources */ = {isa = PBXBuildFile; fileRef = 5F9BA3672A545088004DE084 /* LoginVC.swift */; };
		5F9BA36A2A545202004DE084 /* Extensions.swift in Sources */ = {isa = PBXBuildFile; fileRef = 5F9BA3692A545202004DE084 /* Extensions.swift */; };
		5FA4B4CA2A5D4A1600562937 /* Comment.swift in Sources */ = {isa = PBXBuildFile; fileRef = 5FA4B4C92A5D4A1600562937 /* Comment.swift */; };
		5FA4B4CC2A5DA46F00562937 /* NotificationCell.swift in Sources */ = {isa = PBXBuildFile; fileRef = 5FA4B4CB2A5DA46F00562937 /* NotificationCell.swift */; };
		5FCE52722A5913650095BFA9 /* SelectImageVC.swift in Sources */ = {isa = PBXBuildFile; fileRef = 5FCE52712A5913650095BFA9 /* SelectImageVC.swift */; };
		5FCE52742A5913E60095BFA9 /* SelectPhotoCell.swift in Sources */ = {isa = PBXBuildFile; fileRef = 5FCE52732A5913E50095BFA9 /* SelectPhotoCell.swift */; };
		5FCE52762A5914290095BFA9 /* SelectPhotoHeader.swift in Sources */ = {isa = PBXBuildFile; fileRef = 5FCE52752A5914290095BFA9 /* SelectPhotoHeader.swift */; };
		5FCE52782A59763F0095BFA9 /* Post.swift in Sources */ = {isa = PBXBuildFile; fileRef = 5FCE52772A59763F0095BFA9 /* Post.swift */; };
		5FCE527A2A598E6C0095BFA9 /* CustomImageView.swift in Sources */ = {isa = PBXBuildFile; fileRef = 5FCE52792A598E6C0095BFA9 /* CustomImageView.swift */; };
		5FCE527C2A59A5C40095BFA9 /* FeedCell.swift in Sources */ = {isa = PBXBuildFile; fileRef = 5FCE527B2A59A5C40095BFA9 /* FeedCell.swift */; };
		5FEDD2632A56A5D100081AE9 /* Constants.swift in Sources */ = {isa = PBXBuildFile; fileRef = 5FEDD2622A56A5D100081AE9 /* Constants.swift */; };
		5FEDD2662A56BBE900081AE9 /* FollowLikeVC.swift in Sources */ = {isa = PBXBuildFile; fileRef = 5FEDD2652A56BBE900081AE9 /* FollowLikeVC.swift */; };
		5FEDD2682A56BCAD00081AE9 /* FollowLikeCell.swift in Sources */ = {isa = PBXBuildFile; fileRef = 5FEDD2672A56BCAD00081AE9 /* FollowLikeCell.swift */; };
		5FEDD26A2A56DC7600081AE9 /* UserPostCell.swift in Sources */ = {isa = PBXBuildFile; fileRef = 5FEDD2692A56DC7600081AE9 /* UserPostCell.swift */; };
		5FEDD26C2A56E02800081AE9 /* Protocols.swift in Sources */ = {isa = PBXBuildFile; fileRef = 5FEDD26B2A56E02800081AE9 /* Protocols.swift */; };
		5FEDD26E2A56F13F00081AE9 /* EditProfileController.swift in Sources */ = {isa = PBXBuildFile; fileRef = 5FEDD26D2A56F13F00081AE9 /* EditProfileController.swift */; };
/* End PBXBuildFile section */

/* Begin PBXFileReference section */
		5F19F0D22A554E250073E5A9 /* MainTabVC.swift */ = {isa = PBXFileReference; lastKnownFileType = sourcecode.swift; path = MainTabVC.swift; sourceTree = "<group>"; };
		5F19F0D52A554FE10073E5A9 /* FeedVC.swift */ = {isa = PBXFileReference; lastKnownFileType = sourcecode.swift; path = FeedVC.swift; sourceTree = "<group>"; };
		5F19F0D72A5550060073E5A9 /* SearchVC.swift */ = {isa = PBXFileReference; lastKnownFileType = sourcecode.swift; path = SearchVC.swift; sourceTree = "<group>"; };
		5F19F0D92A55503D0073E5A9 /* UploadPostVC.swift */ = {isa = PBXFileReference; lastKnownFileType = sourcecode.swift; path = UploadPostVC.swift; sourceTree = "<group>"; };
		5F19F0DB2A55505E0073E5A9 /* NotificationsVC.swift */ = {isa = PBXFileReference; lastKnownFileType = sourcecode.swift; path = NotificationsVC.swift; sourceTree = "<group>"; };
		5F19F0DD2A5550900073E5A9 /* UserProfileVC.swift */ = {isa = PBXFileReference; lastKnownFileType = sourcecode.swift; path = UserProfileVC.swift; sourceTree = "<group>"; };
		5F19F0E42A556C2D0073E5A9 /* UserProfileHeader.swift */ = {isa = PBXFileReference; lastKnownFileType = sourcecode.swift; path = UserProfileHeader.swift; sourceTree = "<group>"; };
		5F19F0E62A5599BB0073E5A9 /* User.swift */ = {isa = PBXFileReference; lastKnownFileType = sourcecode.swift; path = User.swift; sourceTree = "<group>"; };
		5F19F0E82A55B8A70073E5A9 /* SearchUserCell.swift */ = {isa = PBXFileReference; lastKnownFileType = sourcecode.swift; path = SearchUserCell.swift; sourceTree = "<group>"; };
		5F31980B2A5C4A8600DCE362 /* CommentVC.swift */ = {isa = PBXFileReference; lastKnownFileType = sourcecode.swift; path = CommentVC.swift; sourceTree = "<group>"; };
		5F31980D2A5C4B9100DCE362 /* CommentCell.swift */ = {isa = PBXFileReference; lastKnownFileType = sourcecode.swift; path = CommentCell.swift; sourceTree = "<group>"; };
		5F3F40342A54F4570038913D /* TFExtensions.swift */ = {isa = PBXFileReference; lastKnownFileType = sourcecode.swift; path = TFExtensions.swift; sourceTree = "<group>"; };
		5F3F40362A54F6740038913D /* SignUpVC.swift */ = {isa = PBXFileReference; lastKnownFileType = sourcecode.swift; path = SignUpVC.swift; sourceTree = "<group>"; };
		5F3F40382A55153D0038913D /* GoogleService-Info.plist */ = {isa = PBXFileReference; fileEncoding = 4; lastKnownFileType = text.plist.xml; path = "GoogleService-Info.plist"; sourceTree = "<group>"; };
		5F6AA80E2A5E95D800A1DF97 /* Notification.swift */ = {isa = PBXFileReference; lastKnownFileType = sourcecode.swift; path = Notification.swift; sourceTree = "<group>"; };
		5F9BA34C2A545031004DE084 /* InstagramCopy_5_0704.app */ = {isa = PBXFileReference; explicitFileType = wrapper.application; includeInIndex = 0; path = InstagramCopy_5_0704.app; sourceTree = BUILT_PRODUCTS_DIR; };
		5F9BA34F2A545031004DE084 /* AppDelegate.swift */ = {isa = PBXFileReference; lastKnownFileType = sourcecode.swift; path = AppDelegate.swift; sourceTree = "<group>"; };
		5F9BA3512A545031004DE084 /* SceneDelegate.swift */ = {isa = PBXFileReference; lastKnownFileType = sourcecode.swift; path = SceneDelegate.swift; sourceTree = "<group>"; };
		5F9BA3582A545032004DE084 /* Assets.xcassets */ = {isa = PBXFileReference; lastKnownFileType = folder.assetcatalog; path = Assets.xcassets; sourceTree = "<group>"; };
		5F9BA35B2A545032004DE084 /* Base */ = {isa = PBXFileReference; lastKnownFileType = file.storyboard; name = Base; path = Base.lproj/LaunchScreen.storyboard; sourceTree = "<group>"; };
		5F9BA35D2A545032004DE084 /* Info.plist */ = {isa = PBXFileReference; lastKnownFileType = text.plist.xml; path = Info.plist; sourceTree = "<group>"; };
		5F9BA3672A545088004DE084 /* LoginVC.swift */ = {isa = PBXFileReference; lastKnownFileType = sourcecode.swift; path = LoginVC.swift; sourceTree = "<group>"; };
		5F9BA3692A545202004DE084 /* Extensions.swift */ = {isa = PBXFileReference; lastKnownFileType = sourcecode.swift; path = Extensions.swift; sourceTree = "<group>"; };
		5FA4B4C92A5D4A1600562937 /* Comment.swift */ = {isa = PBXFileReference; lastKnownFileType = sourcecode.swift; path = Comment.swift; sourceTree = "<group>"; };
		5FA4B4CB2A5DA46F00562937 /* NotificationCell.swift */ = {isa = PBXFileReference; lastKnownFileType = sourcecode.swift; path = NotificationCell.swift; sourceTree = "<group>"; };
		5FCE52712A5913650095BFA9 /* SelectImageVC.swift */ = {isa = PBXFileReference; lastKnownFileType = sourcecode.swift; path = SelectImageVC.swift; sourceTree = "<group>"; };
		5FCE52732A5913E50095BFA9 /* SelectPhotoCell.swift */ = {isa = PBXFileReference; lastKnownFileType = sourcecode.swift; path = SelectPhotoCell.swift; sourceTree = "<group>"; };
		5FCE52752A5914290095BFA9 /* SelectPhotoHeader.swift */ = {isa = PBXFileReference; lastKnownFileType = sourcecode.swift; path = SelectPhotoHeader.swift; sourceTree = "<group>"; };
		5FCE52772A59763F0095BFA9 /* Post.swift */ = {isa = PBXFileReference; lastKnownFileType = sourcecode.swift; path = Post.swift; sourceTree = "<group>"; };
		5FCE52792A598E6C0095BFA9 /* CustomImageView.swift */ = {isa = PBXFileReference; lastKnownFileType = sourcecode.swift; path = CustomImageView.swift; sourceTree = "<group>"; };
		5FCE527B2A59A5C40095BFA9 /* FeedCell.swift */ = {isa = PBXFileReference; lastKnownFileType = sourcecode.swift; path = FeedCell.swift; sourceTree = "<group>"; };
		5FEDD2622A56A5D100081AE9 /* Constants.swift */ = {isa = PBXFileReference; lastKnownFileType = sourcecode.swift; path = Constants.swift; sourceTree = "<group>"; };
		5FEDD2652A56BBE900081AE9 /* FollowLikeVC.swift */ = {isa = PBXFileReference; lastKnownFileType = sourcecode.swift; path = FollowLikeVC.swift; sourceTree = "<group>"; };
		5FEDD2672A56BCAD00081AE9 /* FollowLikeCell.swift */ = {isa = PBXFileReference; lastKnownFileType = sourcecode.swift; path = FollowLikeCell.swift; sourceTree = "<group>"; };
		5FEDD2692A56DC7600081AE9 /* UserPostCell.swift */ = {isa = PBXFileReference; lastKnownFileType = sourcecode.swift; path = UserPostCell.swift; sourceTree = "<group>"; };
		5FEDD26B2A56E02800081AE9 /* Protocols.swift */ = {isa = PBXFileReference; lastKnownFileType = sourcecode.swift; path = Protocols.swift; sourceTree = "<group>"; };
		5FEDD26D2A56F13F00081AE9 /* EditProfileController.swift */ = {isa = PBXFileReference; lastKnownFileType = sourcecode.swift; path = EditProfileController.swift; sourceTree = "<group>"; };
/* End PBXFileReference section */

/* Begin PBXFrameworksBuildPhase section */
		5F9BA3492A545031004DE084 /* Frameworks */ = {
			isa = PBXFrameworksBuildPhase;
			buildActionMask = 2147483647;
			files = (
				5F3F403E2A5515EA0038913D /* FirebaseDatabase in Frameworks */,
				5F3F403C2A5515EA0038913D /* FirebaseAuth in Frameworks */,
				5F3F40402A5515EA0038913D /* FirebaseStorage in Frameworks */,
			);
			runOnlyForDeploymentPostprocessing = 0;
		};
/* End PBXFrameworksBuildPhase section */

/* Begin PBXGroup section */
		5F19F0D42A554FD90073E5A9 /* TabBar */ = {
			isa = PBXGroup;
			children = (
				5FEDD2642A56BBDD00081AE9 /* FollowLikeVC */,
				5F19F0DF2A556BC60073E5A9 /* FeedVC */,
				5F19F0E02A556BCD0073E5A9 /* SearchVC */,
				5F19F0E12A556BD20073E5A9 /* SelectImageVC */,
				5F19F0E22A556BD70073E5A9 /* NotificationVC */,
				5F19F0E32A556BDF0073E5A9 /* UserProfileVC */,
			);
			path = TabBar;
			sourceTree = "<group>";
		};
		5F19F0DF2A556BC60073E5A9 /* FeedVC */ = {
			isa = PBXGroup;
			children = (
				5F19F0D52A554FE10073E5A9 /* FeedVC.swift */,
				5FCE527B2A59A5C40095BFA9 /* FeedCell.swift */,
				5F31980B2A5C4A8600DCE362 /* CommentVC.swift */,
				5F31980D2A5C4B9100DCE362 /* CommentCell.swift */,
			);
			path = FeedVC;
			sourceTree = "<group>";
		};
		5F19F0E02A556BCD0073E5A9 /* SearchVC */ = {
			isa = PBXGroup;
			children = (
				5F19F0D72A5550060073E5A9 /* SearchVC.swift */,
				5F19F0E82A55B8A70073E5A9 /* SearchUserCell.swift */,
			);
			path = SearchVC;
			sourceTree = "<group>";
		};
		5F19F0E12A556BD20073E5A9 /* SelectImageVC */ = {
			isa = PBXGroup;
			children = (
				5FCE52712A5913650095BFA9 /* SelectImageVC.swift */,
				5FCE52752A5914290095BFA9 /* SelectPhotoHeader.swift */,
				5FCE52732A5913E50095BFA9 /* SelectPhotoCell.swift */,
				5F19F0D92A55503D0073E5A9 /* UploadPostVC.swift */,
				5FEDD2692A56DC7600081AE9 /* UserPostCell.swift */,
			);
			path = SelectImageVC;
			sourceTree = "<group>";
		};
		5F19F0E22A556BD70073E5A9 /* NotificationVC */ = {
			isa = PBXGroup;
			children = (
				5F19F0DB2A55505E0073E5A9 /* NotificationsVC.swift */,
				5FA4B4CB2A5DA46F00562937 /* NotificationCell.swift */,
			);
			path = NotificationVC;
			sourceTree = "<group>";
		};
		5F19F0E32A556BDF0073E5A9 /* UserProfileVC */ = {
			isa = PBXGroup;
			children = (
				5F19F0DD2A5550900073E5A9 /* UserProfileVC.swift */,
				5F19F0E42A556C2D0073E5A9 /* UserProfileHeader.swift */,
				5FEDD26D2A56F13F00081AE9 /* EditProfileController.swift */,
			);
			path = UserProfileVC;
			sourceTree = "<group>";
		};
		5F9BA3432A545031004DE084 = {
			isa = PBXGroup;
			children = (
				5F9BA34E2A545031004DE084 /* InstagramCopy_5_0704 */,
				5F9BA34D2A545031004DE084 /* Products */,
			);
			sourceTree = "<group>";
		};
		5F9BA34D2A545031004DE084 /* Products */ = {
			isa = PBXGroup;
			children = (
				5F9BA34C2A545031004DE084 /* InstagramCopy_5_0704.app */,
			);
			name = Products;
			sourceTree = "<group>";
		};
		5F9BA34E2A545031004DE084 /* InstagramCopy_5_0704 */ = {
			isa = PBXGroup;
			children = (
				5F9BA34F2A545031004DE084 /* AppDelegate.swift */,
				5F9BA3512A545031004DE084 /* SceneDelegate.swift */,
				5F9BA3662A54504C004DE084 /* Utils */,
				5F9BA3652A545047004DE084 /* Models */,
				5F9BA3632A545039004DE084 /* Views */,
				5F9BA3642A545042004DE084 /* Controllers */,
				5F9BA3582A545032004DE084 /* Assets.xcassets */,
				5F9BA35A2A545032004DE084 /* LaunchScreen.storyboard */,
				5F9BA35D2A545032004DE084 /* Info.plist */,
				5F3F40382A55153D0038913D /* GoogleService-Info.plist */,
			);
			path = InstagramCopy_5_0704;
			sourceTree = "<group>";
		};
		5F9BA3632A545039004DE084 /* Views */ = {
			isa = PBXGroup;
			children = (
				5F19F0D42A554FD90073E5A9 /* TabBar */,
			);
			path = Views;
			sourceTree = "<group>";
		};
		5F9BA3642A545042004DE084 /* Controllers */ = {
			isa = PBXGroup;
			children = (
				5F9BA3672A545088004DE084 /* LoginVC.swift */,
				5F3F40362A54F6740038913D /* SignUpVC.swift */,
				5F19F0D22A554E250073E5A9 /* MainTabVC.swift */,
			);
			path = Controllers;
			sourceTree = "<group>";
		};
		5F9BA3652A545047004DE084 /* Models */ = {
			isa = PBXGroup;
			children = (
				5F19F0E62A5599BB0073E5A9 /* User.swift */,
				5FCE52772A59763F0095BFA9 /* Post.swift */,
				5FA4B4C92A5D4A1600562937 /* Comment.swift */,
				5F6AA80E2A5E95D800A1DF97 /* Notification.swift */,
			);
			path = Models;
			sourceTree = "<group>";
		};
		5F9BA3662A54504C004DE084 /* Utils */ = {
			isa = PBXGroup;
			children = (
				5F9BA3692A545202004DE084 /* Extensions.swift */,
				5F3F40342A54F4570038913D /* TFExtensions.swift */,
				5FEDD2622A56A5D100081AE9 /* Constants.swift */,
				5FEDD26B2A56E02800081AE9 /* Protocols.swift */,
				5FCE52792A598E6C0095BFA9 /* CustomImageView.swift */,
			);
			path = Utils;
			sourceTree = "<group>";
		};
		5FEDD2642A56BBDD00081AE9 /* FollowLikeVC */ = {
			isa = PBXGroup;
			children = (
				5FEDD2652A56BBE900081AE9 /* FollowLikeVC.swift */,
				5FEDD2672A56BCAD00081AE9 /* FollowLikeCell.swift */,
			);
			path = FollowLikeVC;
			sourceTree = "<group>";
		};
/* End PBXGroup section */

/* Begin PBXNativeTarget section */
		5F9BA34B2A545031004DE084 /* InstagramCopy_5_0704 */ = {
			isa = PBXNativeTarget;
			buildConfigurationList = 5F9BA3602A545032004DE084 /* Build configuration list for PBXNativeTarget "InstagramCopy_5_0704" */;
			buildPhases = (
				5F9BA3482A545031004DE084 /* Sources */,
				5F9BA3492A545031004DE084 /* Frameworks */,
				5F9BA34A2A545031004DE084 /* Resources */,
			);
			buildRules = (
			);
			dependencies = (
			);
			name = InstagramCopy_5_0704;
			packageProductDependencies = (
				5F3F403B2A5515EA0038913D /* FirebaseAuth */,
				5F3F403D2A5515EA0038913D /* FirebaseDatabase */,
				5F3F403F2A5515EA0038913D /* FirebaseStorage */,
			);
			productName = InstagramCopy_5_0704;
			productReference = 5F9BA34C2A545031004DE084 /* InstagramCopy_5_0704.app */;
			productType = "com.apple.product-type.application";
		};
/* End PBXNativeTarget section */

/* Begin PBXProject section */
		5F9BA3442A545031004DE084 /* Project object */ = {
			isa = PBXProject;
			attributes = {
				BuildIndependentTargetsInParallel = 1;
				LastSwiftUpdateCheck = 1430;
				LastUpgradeCheck = 1430;
				TargetAttributes = {
					5F9BA34B2A545031004DE084 = {
						CreatedOnToolsVersion = 14.3;
					};
				};
			};
			buildConfigurationList = 5F9BA3472A545031004DE084 /* Build configuration list for PBXProject "InstagramCopy_5_0704" */;
			compatibilityVersion = "Xcode 14.0";
			developmentRegion = en;
			hasScannedForEncodings = 0;
			knownRegions = (
				en,
				Base,
			);
			mainGroup = 5F9BA3432A545031004DE084;
			packageReferences = (
				5F3F403A2A5515EA0038913D /* XCRemoteSwiftPackageReference "firebase-ios-sdk" */,
			);
			productRefGroup = 5F9BA34D2A545031004DE084 /* Products */;
			projectDirPath = "";
			projectRoot = "";
			targets = (
				5F9BA34B2A545031004DE084 /* InstagramCopy_5_0704 */,
			);
		};
/* End PBXProject section */

/* Begin PBXResourcesBuildPhase section */
		5F9BA34A2A545031004DE084 /* Resources */ = {
			isa = PBXResourcesBuildPhase;
			buildActionMask = 2147483647;
			files = (
				5F9BA35C2A545032004DE084 /* LaunchScreen.storyboard in Resources */,
				5F9BA3592A545032004DE084 /* Assets.xcassets in Resources */,
				5F3F40392A55153D0038913D /* GoogleService-Info.plist in Resources */,
			);
			runOnlyForDeploymentPostprocessing = 0;
		};
/* End PBXResourcesBuildPhase section */

/* Begin PBXSourcesBuildPhase section */
		5F9BA3482A545031004DE084 /* Sources */ = {
			isa = PBXSourcesBuildPhase;
			buildActionMask = 2147483647;
			files = (
				5F9BA3502A545031004DE084 /* AppDelegate.swift in Sources */,
				5F19F0DA2A55503D0073E5A9 /* UploadPostVC.swift in Sources */,
				5FEDD26E2A56F13F00081AE9 /* EditProfileController.swift in Sources */,
				5FEDD26A2A56DC7600081AE9 /* UserPostCell.swift in Sources */,
				5FCE52742A5913E60095BFA9 /* SelectPhotoCell.swift in Sources */,
				5FCE52762A5914290095BFA9 /* SelectPhotoHeader.swift in Sources */,
				5F9BA3522A545031004DE084 /* SceneDelegate.swift in Sources */,
				5F9BA3682A545088004DE084 /* LoginVC.swift in Sources */,
				5FCE527C2A59A5C40095BFA9 /* FeedCell.swift in Sources */,
				5F19F0D82A5550060073E5A9 /* SearchVC.swift in Sources */,
				5FCE52782A59763F0095BFA9 /* Post.swift in Sources */,
				5F19F0E92A55B8A70073E5A9 /* SearchUserCell.swift in Sources */,
				5FCE52722A5913650095BFA9 /* SelectImageVC.swift in Sources */,
				5F19F0DC2A55505E0073E5A9 /* NotificationsVC.swift in Sources */,
				5FEDD2632A56A5D100081AE9 /* Constants.swift in Sources */,
				5F19F0E72A5599BB0073E5A9 /* User.swift in Sources */,
				5FA4B4CC2A5DA46F00562937 /* NotificationCell.swift in Sources */,
				5FEDD2662A56BBE900081AE9 /* FollowLikeVC.swift in Sources */,
				5F9BA36A2A545202004DE084 /* Extensions.swift in Sources */,
				5F19F0E52A556C2D0073E5A9 /* UserProfileHeader.swift in Sources */,
				5F6AA80F2A5E95D800A1DF97 /* Notification.swift in Sources */,
				5F19F0D62A554FE10073E5A9 /* FeedVC.swift in Sources */,
				5F3F40372A54F6740038913D /* SignUpVC.swift in Sources */,
				5FEDD26C2A56E02800081AE9 /* Protocols.swift in Sources */,
				5F19F0D32A554E250073E5A9 /* MainTabVC.swift in Sources */,
				5F31980E2A5C4B9100DCE362 /* CommentCell.swift in Sources */,
				5FEDD2682A56BCAD00081AE9 /* FollowLikeCell.swift in Sources */,
				5FA4B4CA2A5D4A1600562937 /* Comment.swift in Sources */,
				5F3F40352A54F4570038913D /* TFExtensions.swift in Sources */,
				5F19F0DE2A5550900073E5A9 /* UserProfileVC.swift in Sources */,
				5F31980C2A5C4A8600DCE362 /* CommentVC.swift in Sources */,
				5FCE527A2A598E6C0095BFA9 /* CustomImageView.swift in Sources */,
			);
			runOnlyForDeploymentPostprocessing = 0;
		};
/* End PBXSourcesBuildPhase section */

/* Begin PBXVariantGroup section */
		5F9BA35A2A545032004DE084 /* LaunchScreen.storyboard */ = {
			isa = PBXVariantGroup;
			children = (
				5F9BA35B2A545032004DE084 /* Base */,
			);
			name = LaunchScreen.storyboard;
			sourceTree = "<group>";
		};
/* End PBXVariantGroup section */

/* Begin XCBuildConfiguration section */
		5F9BA35E2A545032004DE084 /* Debug */ = {
			isa = XCBuildConfiguration;
			buildSettings = {
				ALWAYS_SEARCH_USER_PATHS = NO;
				CLANG_ANALYZER_NONNULL = YES;
				CLANG_ANALYZER_NUMBER_OBJECT_CONVERSION = YES_AGGRESSIVE;
				CLANG_CXX_LANGUAGE_STANDARD = "gnu++20";
				CLANG_ENABLE_MODULES = YES;
				CLANG_ENABLE_OBJC_ARC = YES;
				CLANG_ENABLE_OBJC_WEAK = YES;
				CLANG_WARN_BLOCK_CAPTURE_AUTORELEASING = YES;
				CLANG_WARN_BOOL_CONVERSION = YES;
				CLANG_WARN_COMMA = YES;
				CLANG_WARN_CONSTANT_CONVERSION = YES;
				CLANG_WARN_DEPRECATED_OBJC_IMPLEMENTATIONS = YES;
				CLANG_WARN_DIRECT_OBJC_ISA_USAGE = YES_ERROR;
				CLANG_WARN_DOCUMENTATION_COMMENTS = YES;
				CLANG_WARN_EMPTY_BODY = YES;
				CLANG_WARN_ENUM_CONVERSION = YES;
				CLANG_WARN_INFINITE_RECURSION = YES;
				CLANG_WARN_INT_CONVERSION = YES;
				CLANG_WARN_NON_LITERAL_NULL_CONVERSION = YES;
				CLANG_WARN_OBJC_IMPLICIT_RETAIN_SELF = YES;
				CLANG_WARN_OBJC_LITERAL_CONVERSION = YES;
				CLANG_WARN_OBJC_ROOT_CLASS = YES_ERROR;
				CLANG_WARN_QUOTED_INCLUDE_IN_FRAMEWORK_HEADER = YES;
				CLANG_WARN_RANGE_LOOP_ANALYSIS = YES;
				CLANG_WARN_STRICT_PROTOTYPES = YES;
				CLANG_WARN_SUSPICIOUS_MOVE = YES;
				CLANG_WARN_UNGUARDED_AVAILABILITY = YES_AGGRESSIVE;
				CLANG_WARN_UNREACHABLE_CODE = YES;
				CLANG_WARN__DUPLICATE_METHOD_MATCH = YES;
				COPY_PHASE_STRIP = NO;
				DEBUG_INFORMATION_FORMAT = dwarf;
				ENABLE_STRICT_OBJC_MSGSEND = YES;
				ENABLE_TESTABILITY = YES;
				GCC_C_LANGUAGE_STANDARD = gnu11;
				GCC_DYNAMIC_NO_PIC = NO;
				GCC_NO_COMMON_BLOCKS = YES;
				GCC_OPTIMIZATION_LEVEL = 0;
				GCC_PREPROCESSOR_DEFINITIONS = (
					"DEBUG=1",
					"$(inherited)",
				);
				GCC_WARN_64_TO_32_BIT_CONVERSION = YES;
				GCC_WARN_ABOUT_RETURN_TYPE = YES_ERROR;
				GCC_WARN_UNDECLARED_SELECTOR = YES;
				GCC_WARN_UNINITIALIZED_AUTOS = YES_AGGRESSIVE;
				GCC_WARN_UNUSED_FUNCTION = YES;
				GCC_WARN_UNUSED_VARIABLE = YES;
				IPHONEOS_DEPLOYMENT_TARGET = 16.4;
				MTL_ENABLE_DEBUG_INFO = INCLUDE_SOURCE;
				MTL_FAST_MATH = YES;
				ONLY_ACTIVE_ARCH = YES;
				SDKROOT = iphoneos;
				SWIFT_ACTIVE_COMPILATION_CONDITIONS = DEBUG;
				SWIFT_OPTIMIZATION_LEVEL = "-Onone";
			};
			name = Debug;
		};
		5F9BA35F2A545032004DE084 /* Release */ = {
			isa = XCBuildConfiguration;
			buildSettings = {
				ALWAYS_SEARCH_USER_PATHS = NO;
				CLANG_ANALYZER_NONNULL = YES;
				CLANG_ANALYZER_NUMBER_OBJECT_CONVERSION = YES_AGGRESSIVE;
				CLANG_CXX_LANGUAGE_STANDARD = "gnu++20";
				CLANG_ENABLE_MODULES = YES;
				CLANG_ENABLE_OBJC_ARC = YES;
				CLANG_ENABLE_OBJC_WEAK = YES;
				CLANG_WARN_BLOCK_CAPTURE_AUTORELEASING = YES;
				CLANG_WARN_BOOL_CONVERSION = YES;
				CLANG_WARN_COMMA = YES;
				CLANG_WARN_CONSTANT_CONVERSION = YES;
				CLANG_WARN_DEPRECATED_OBJC_IMPLEMENTATIONS = YES;
				CLANG_WARN_DIRECT_OBJC_ISA_USAGE = YES_ERROR;
				CLANG_WARN_DOCUMENTATION_COMMENTS = YES;
				CLANG_WARN_EMPTY_BODY = YES;
				CLANG_WARN_ENUM_CONVERSION = YES;
				CLANG_WARN_INFINITE_RECURSION = YES;
				CLANG_WARN_INT_CONVERSION = YES;
				CLANG_WARN_NON_LITERAL_NULL_CONVERSION = YES;
				CLANG_WARN_OBJC_IMPLICIT_RETAIN_SELF = YES;
				CLANG_WARN_OBJC_LITERAL_CONVERSION = YES;
				CLANG_WARN_OBJC_ROOT_CLASS = YES_ERROR;
				CLANG_WARN_QUOTED_INCLUDE_IN_FRAMEWORK_HEADER = YES;
				CLANG_WARN_RANGE_LOOP_ANALYSIS = YES;
				CLANG_WARN_STRICT_PROTOTYPES = YES;
				CLANG_WARN_SUSPICIOUS_MOVE = YES;
				CLANG_WARN_UNGUARDED_AVAILABILITY = YES_AGGRESSIVE;
				CLANG_WARN_UNREACHABLE_CODE = YES;
				CLANG_WARN__DUPLICATE_METHOD_MATCH = YES;
				COPY_PHASE_STRIP = NO;
				DEBUG_INFORMATION_FORMAT = "dwarf-with-dsym";
				ENABLE_NS_ASSERTIONS = NO;
				ENABLE_STRICT_OBJC_MSGSEND = YES;
				GCC_C_LANGUAGE_STANDARD = gnu11;
				GCC_NO_COMMON_BLOCKS = YES;
				GCC_WARN_64_TO_32_BIT_CONVERSION = YES;
				GCC_WARN_ABOUT_RETURN_TYPE = YES_ERROR;
				GCC_WARN_UNDECLARED_SELECTOR = YES;
				GCC_WARN_UNINITIALIZED_AUTOS = YES_AGGRESSIVE;
				GCC_WARN_UNUSED_FUNCTION = YES;
				GCC_WARN_UNUSED_VARIABLE = YES;
				IPHONEOS_DEPLOYMENT_TARGET = 16.4;
				MTL_ENABLE_DEBUG_INFO = NO;
				MTL_FAST_MATH = YES;
				SDKROOT = iphoneos;
				SWIFT_COMPILATION_MODE = wholemodule;
				SWIFT_OPTIMIZATION_LEVEL = "-O";
				VALIDATE_PRODUCT = YES;
			};
			name = Release;
		};
		5F9BA3612A545032004DE084 /* Debug */ = {
			isa = XCBuildConfiguration;
			buildSettings = {
				ASSETCATALOG_COMPILER_APPICON_NAME = AppIcon;
				ASSETCATALOG_COMPILER_GLOBAL_ACCENT_COLOR_NAME = AccentColor;
				CODE_SIGN_STYLE = Automatic;
				CURRENT_PROJECT_VERSION = 1;
				GENERATE_INFOPLIST_FILE = YES;
				INFOPLIST_FILE = InstagramCopy_5_0704/Info.plist;
				INFOPLIST_KEY_UIApplicationSupportsIndirectInputEvents = YES;
				INFOPLIST_KEY_UILaunchStoryboardName = LaunchScreen;
				INFOPLIST_KEY_UISupportedInterfaceOrientations_iPad = "UIInterfaceOrientationPortrait UIInterfaceOrientationPortraitUpsideDown UIInterfaceOrientationLandscapeLeft UIInterfaceOrientationLandscapeRight";
				INFOPLIST_KEY_UISupportedInterfaceOrientations_iPhone = "UIInterfaceOrientationPortrait UIInterfaceOrientationLandscapeLeft UIInterfaceOrientationLandscapeRight";
				LD_RUNPATH_SEARCH_PATHS = (
					"$(inherited)",
					"@executable_path/Frameworks",
				);
				MARKETING_VERSION = 1.0;
				PRODUCT_BUNDLE_IDENTIFIER = "ges.InstagramCopy-5-0704";
				PRODUCT_NAME = "$(TARGET_NAME)";
				SUPPORTED_PLATFORMS = "iphoneos iphonesimulator";
				SUPPORTS_MACCATALYST = NO;
				SUPPORTS_MAC_DESIGNED_FOR_IPHONE_IPAD = YES;
				SWIFT_EMIT_LOC_STRINGS = YES;
				SWIFT_VERSION = 5.0;
				TARGETED_DEVICE_FAMILY = 1;
			};
			name = Debug;
		};
		5F9BA3622A545032004DE084 /* Release */ = {
			isa = XCBuildConfiguration;
			buildSettings = {
				ASSETCATALOG_COMPILER_APPICON_NAME = AppIcon;
				ASSETCATALOG_COMPILER_GLOBAL_ACCENT_COLOR_NAME = AccentColor;
				CODE_SIGN_STYLE = Automatic;
				CURRENT_PROJECT_VERSION = 1;
				GENERATE_INFOPLIST_FILE = YES;
				INFOPLIST_FILE = InstagramCopy_5_0704/Info.plist;
				INFOPLIST_KEY_UIApplicationSupportsIndirectInputEvents = YES;
				INFOPLIST_KEY_UILaunchStoryboardName = LaunchScreen;
				INFOPLIST_KEY_UISupportedInterfaceOrientations_iPad = "UIInterfaceOrientationPortrait UIInterfaceOrientationPortraitUpsideDown UIInterfaceOrientationLandscapeLeft UIInterfaceOrientationLandscapeRight";
				INFOPLIST_KEY_UISupportedInterfaceOrientations_iPhone = "UIInterfaceOrientationPortrait UIInterfaceOrientationLandscapeLeft UIInterfaceOrientationLandscapeRight";
				LD_RUNPATH_SEARCH_PATHS = (
					"$(inherited)",
					"@executable_path/Frameworks",
				);
				MARKETING_VERSION = 1.0;
				PRODUCT_BUNDLE_IDENTIFIER = "ges.InstagramCopy-5-0704";
				PRODUCT_NAME = "$(TARGET_NAME)";
				SUPPORTED_PLATFORMS = "iphoneos iphonesimulator";
				SUPPORTS_MACCATALYST = NO;
				SUPPORTS_MAC_DESIGNED_FOR_IPHONE_IPAD = YES;
				SWIFT_EMIT_LOC_STRINGS = YES;
				SWIFT_VERSION = 5.0;
				TARGETED_DEVICE_FAMILY = 1;
			};
			name = Release;
		};
/* End XCBuildConfiguration section */

/* Begin XCConfigurationList section */
		5F9BA3472A545031004DE084 /* Build configuration list for PBXProject "InstagramCopy_5_0704" */ = {
			isa = XCConfigurationList;
			buildConfigurations = (
				5F9BA35E2A545032004DE084 /* Debug */,
				5F9BA35F2A545032004DE084 /* Release */,
			);
			defaultConfigurationIsVisible = 0;
			defaultConfigurationName = Release;
		};
		5F9BA3602A545032004DE084 /* Build configuration list for PBXNativeTarget "InstagramCopy_5_0704" */ = {
			isa = XCConfigurationList;
			buildConfigurations = (
				5F9BA3612A545032004DE084 /* Debug */,
				5F9BA3622A545032004DE084 /* Release */,
			);
			defaultConfigurationIsVisible = 0;
			defaultConfigurationName = Release;
		};
/* End XCConfigurationList section */

/* Begin XCRemoteSwiftPackageReference section */
		5F3F403A2A5515EA0038913D /* XCRemoteSwiftPackageReference "firebase-ios-sdk" */ = {
			isa = XCRemoteSwiftPackageReference;
			repositoryURL = "https://github.com/firebase/firebase-ios-sdk";
			requirement = {
				kind = upToNextMajorVersion;
				minimumVersion = 10.0.0;
			};
		};
/* End XCRemoteSwiftPackageReference section */

/* Begin XCSwiftPackageProductDependency section */
		5F3F403B2A5515EA0038913D /* FirebaseAuth */ = {
			isa = XCSwiftPackageProductDependency;
			package = 5F3F403A2A5515EA0038913D /* XCRemoteSwiftPackageReference "firebase-ios-sdk" */;
			productName = FirebaseAuth;
		};
		5F3F403D2A5515EA0038913D /* FirebaseDatabase */ = {
			isa = XCSwiftPackageProductDependency;
			package = 5F3F403A2A5515EA0038913D /* XCRemoteSwiftPackageReference "firebase-ios-sdk" */;
			productName = FirebaseDatabase;
		};
		5F3F403F2A5515EA0038913D /* FirebaseStorage */ = {
			isa = XCSwiftPackageProductDependency;
			package = 5F3F403A2A5515EA0038913D /* XCRemoteSwiftPackageReference "firebase-ios-sdk" */;
			productName = FirebaseStorage;
		};
/* End XCSwiftPackageProductDependency section */
	};
	rootObject = 5F9BA3442A545031004DE084 /* Project object */;
}
